// !$*UTF8*$!
{
	archiveVersion = 1;
	classes = {
	};
	objectVersion = 50;
	objects = {

/* Begin PBXBuildFile section */
		3A53548D232B69A8001C48AE /* AppDelegate.swift in Sources */ = {isa = PBXBuildFile; fileRef = 3A53548C232B69A8001C48AE /* AppDelegate.swift */; };
		3A53548F232B69A8001C48AE /* ViewController.swift in Sources */ = {isa = PBXBuildFile; fileRef = 3A53548E232B69A8001C48AE /* ViewController.swift */; };
		3A535492232B69A8001C48AE /* Main.storyboard in Resources */ = {isa = PBXBuildFile; fileRef = 3A535490232B69A8001C48AE /* Main.storyboard */; };
		3A535494232B69A9001C48AE /* Assets.xcassets in Resources */ = {isa = PBXBuildFile; fileRef = 3A535493232B69A9001C48AE /* Assets.xcassets */; };
		3A535497232B69A9001C48AE /* LaunchScreen.storyboard in Resources */ = {isa = PBXBuildFile; fileRef = 3A535495232B69A9001C48AE /* LaunchScreen.storyboard */; };
		3A53549F232B6A2C001C48AE /* Coordinator.swift in Sources */ = {isa = PBXBuildFile; fileRef = 3A53549E232B6A2C001C48AE /* Coordinator.swift */; };
		3A5354A2232B6AB1001C48AE /* Storyboarded.swift in Sources */ = {isa = PBXBuildFile; fileRef = 3A5354A1232B6AB1001C48AE /* Storyboarded.swift */; };
		3A5354A4232B6BD0001C48AE /* MainCoordinator.swift in Sources */ = {isa = PBXBuildFile; fileRef = 3A5354A3232B6BD0001C48AE /* MainCoordinator.swift */; };
		3A5354A7232B7065001C48AE /* BuyViewController.swift in Sources */ = {isa = PBXBuildFile; fileRef = 3A5354A6232B7065001C48AE /* BuyViewController.swift */; };
		3A5354A9232B706D001C48AE /* CreateAccountViewController.swift in Sources */ = {isa = PBXBuildFile; fileRef = 3A5354A8232B706D001C48AE /* CreateAccountViewController.swift */; };
/* End PBXBuildFile section */

/* Begin PBXFileReference section */
		3A535489232B69A8001C48AE /* Coordinators.app */ = {isa = PBXFileReference; explicitFileType = wrapper.application; includeInIndex = 0; path = Coordinators.app; sourceTree = BUILT_PRODUCTS_DIR; };
		3A53548C232B69A8001C48AE /* AppDelegate.swift */ = {isa = PBXFileReference; lastKnownFileType = sourcecode.swift; path = AppDelegate.swift; sourceTree = "<group>"; };
		3A53548E232B69A8001C48AE /* ViewController.swift */ = {isa = PBXFileReference; lastKnownFileType = sourcecode.swift; path = ViewController.swift; sourceTree = "<group>"; };
		3A535491232B69A8001C48AE /* Base */ = {isa = PBXFileReference; lastKnownFileType = file.storyboard; name = Base; path = Base.lproj/Main.storyboard; sourceTree = "<group>"; };
		3A535493232B69A9001C48AE /* Assets.xcassets */ = {isa = PBXFileReference; lastKnownFileType = folder.assetcatalog; path = Assets.xcassets; sourceTree = "<group>"; };
		3A535496232B69A9001C48AE /* Base */ = {isa = PBXFileReference; lastKnownFileType = file.storyboard; name = Base; path = Base.lproj/LaunchScreen.storyboard; sourceTree = "<group>"; };
		3A535498232B69A9001C48AE /* Info.plist */ = {isa = PBXFileReference; lastKnownFileType = text.plist.xml; path = Info.plist; sourceTree = "<group>"; };
		3A53549E232B6A2C001C48AE /* Coordinator.swift */ = {isa = PBXFileReference; lastKnownFileType = sourcecode.swift; path = Coordinator.swift; sourceTree = "<group>"; };
		3A5354A1232B6AB1001C48AE /* Storyboarded.swift */ = {isa = PBXFileReference; lastKnownFileType = sourcecode.swift; path = Storyboarded.swift; sourceTree = "<group>"; };
		3A5354A3232B6BD0001C48AE /* MainCoordinator.swift */ = {isa = PBXFileReference; lastKnownFileType = sourcecode.swift; path = MainCoordinator.swift; sourceTree = "<group>"; };
		3A5354A6232B7065001C48AE /* BuyViewController.swift */ = {isa = PBXFileReference; lastKnownFileType = sourcecode.swift; path = BuyViewController.swift; sourceTree = "<group>"; };
		3A5354A8232B706D001C48AE /* CreateAccountViewController.swift */ = {isa = PBXFileReference; lastKnownFileType = sourcecode.swift; path = CreateAccountViewController.swift; sourceTree = "<group>"; };
/* End PBXFileReference section */

/* Begin PBXFrameworksBuildPhase section */
		3A535486232B69A8001C48AE /* Frameworks */ = {
			isa = PBXFrameworksBuildPhase;
			buildActionMask = 2147483647;
			files = (
			);
			runOnlyForDeploymentPostprocessing = 0;
		};
/* End PBXFrameworksBuildPhase section */

/* Begin PBXGroup section */
		3A535480232B69A8001C48AE = {
			isa = PBXGroup;
			children = (
				3A53548B232B69A8001C48AE /* Coordinators */,
				3A53548A232B69A8001C48AE /* Products */,
			);
			sourceTree = "<group>";
		};
		3A53548A232B69A8001C48AE /* Products */ = {
			isa = PBXGroup;
			children = (
				3A535489232B69A8001C48AE /* Coordinators.app */,
			);
			name = Products;
			sourceTree = "<group>";
		};
		3A53548B232B69A8001C48AE /* Coordinators */ = {
			isa = PBXGroup;
			children = (
				3A5354A5232B7050001C48AE /* View */,
				3A5354A0232B6A76001C48AE /* Navigation */,
				3A53548C232B69A8001C48AE /* AppDelegate.swift */,
				3A535490232B69A8001C48AE /* Main.storyboard */,
				3A535493232B69A9001C48AE /* Assets.xcassets */,
				3A535495232B69A9001C48AE /* LaunchScreen.storyboard */,
				3A535498232B69A9001C48AE /* Info.plist */,
			);
			path = Coordinators;
			sourceTree = "<group>";
		};
		3A5354A0232B6A76001C48AE /* Navigation */ = {
			isa = PBXGroup;
			children = (
				3A53549E232B6A2C001C48AE /* Coordinator.swift */,
				3A5354A3232B6BD0001C48AE /* MainCoordinator.swift */,
				3A5354A1232B6AB1001C48AE /* Storyboarded.swift */,
			);
			path = Navigation;
			sourceTree = "<group>";
		};
		3A5354A5232B7050001C48AE /* View */ = {
			isa = PBXGroup;
			children = (
				3A53548E232B69A8001C48AE /* ViewController.swift */,
				3A5354A6232B7065001C48AE /* BuyViewController.swift */,
				3A5354A8232B706D001C48AE /* CreateAccountViewController.swift */,
			);
			path = View;
			sourceTree = "<group>";
		};
/* End PBXGroup section */

/* Begin PBXNativeTarget section */
		3A535488232B69A8001C48AE /* Coordinators */ = {
			isa = PBXNativeTarget;
			buildConfigurationList = 3A53549B232B69A9001C48AE /* Build configuration list for PBXNativeTarget "Coordinators" */;
			buildPhases = (
				3A535485232B69A8001C48AE /* Sources */,
				3A535486232B69A8001C48AE /* Frameworks */,
				3A535487232B69A8001C48AE /* Resources */,
			);
			buildRules = (
			);
			dependencies = (
			);
			name = Coordinators;
			productName = Coordinators;
			productReference = 3A535489232B69A8001C48AE /* Coordinators.app */;
			productType = "com.apple.product-type.application";
		};
/* End PBXNativeTarget section */

/* Begin PBXProject section */
		3A535481232B69A8001C48AE /* Project object */ = {
			isa = PBXProject;
			attributes = {
				LastSwiftUpdateCheck = 1030;
				LastUpgradeCheck = 1030;
				ORGANIZATIONNAME = Adrian;
				TargetAttributes = {
					3A535488232B69A8001C48AE = {
						CreatedOnToolsVersion = 10.3;
					};
				};
			};
			buildConfigurationList = 3A535484232B69A8001C48AE /* Build configuration list for PBXProject "Coordinators" */;
			compatibilityVersion = "Xcode 9.3";
			developmentRegion = en;
			hasScannedForEncodings = 0;
			knownRegions = (
				en,
				Base,
			);
			mainGroup = 3A535480232B69A8001C48AE;
			productRefGroup = 3A53548A232B69A8001C48AE /* Products */;
			projectDirPath = "";
			projectRoot = "";
			targets = (
				3A535488232B69A8001C48AE /* Coordinators */,
			);
		};
/* End PBXProject section */

/* Begin PBXResourcesBuildPhase section */
		3A535487232B69A8001C48AE /* Resources */ = {
			isa = PBXResourcesBuildPhase;
			buildActionMask = 2147483647;
			files = (
				3A535497232B69A9001C48AE /* LaunchScreen.storyboard in Resources */,
				3A535494232B69A9001C48AE /* Assets.xcassets in Resources */,
				3A535492232B69A8001C48AE /* Main.storyboard in Resources */,
			);
			runOnlyForDeploymentPostprocessing = 0;
		};
/* End PBXResourcesBuildPhase section */

/* Begin PBXSourcesBuildPhase section */
		3A535485232B69A8001C48AE /* Sources */ = {
			isa = PBXSourcesBuildPhase;
			buildActionMask = 2147483647;
			files = (
				3A5354A9232B706D001C48AE /* CreateAccountViewController.swift in Sources */,
				3A53548F232B69A8001C48AE /* ViewController.swift in Sources */,
				3A53548D232B69A8001C48AE /* AppDelegate.swift in Sources */,
				3A53549F232B6A2C001C48AE /* Coordinator.swift in Sources */,
				3A5354A4232B6BD0001C48AE /* MainCoordinator.swift in Sources */,
				3A5354A2232B6AB1001C48AE /* Storyboarded.swift in Sources */,
				3A5354A7232B7065001C48AE /* BuyViewController.swift in Sources */,
			);
			runOnlyForDeploymentPostprocessing = 0;
		};
/* End PBXSourcesBuildPhase section */

/* Begin PBXVariantGroup section */
		3A535490232B69A8001C48AE /* Main.storyboard */ = {
			isa = PBXVariantGroup;
			children = (
				3A535491232B69A8001C48AE /* Base */,
			);
			name = Main.storyboard;
			sourceTree = "<group>";
		};
		3A535495232B69A9001C48AE /* LaunchScreen.storyboard */ = {
			isa = PBXVariantGroup;
			children = (
				3A535496232B69A9001C48AE /* Base */,
			);
			name = LaunchScreen.storyboard;
			sourceTree = "<group>";
		};
/* End PBXVariantGroup section */

/* Begin XCBuildConfiguration section */
		3A535499232B69A9001C48AE /* Debug */ = {
			isa = XCBuildConfiguration;
			buildSettings = {
				ALWAYS_SEARCH_USER_PATHS = NO;
				CLANG_ANALYZER_NONNULL = YES;
				CLANG_ANALYZER_NUMBER_OBJECT_CONVERSION = YES_AGGRESSIVE;
				CLANG_CXX_LANGUAGE_STANDARD = "gnu++14";
				CLANG_CXX_LIBRARY = "libc++";
				CLANG_ENABLE_MODULES = YES;
				CLANG_ENABLE_OBJC_ARC = YES;
				CLANG_ENABLE_OBJC_WEAK = YES;
				CLANG_WARN_BLOCK_CAPTURE_AUTORELEASING = YES;
				CLANG_WARN_BOOL_CONVERSION = YES;
				CLANG_WARN_COMMA = YES;
				CLANG_WARN_CONSTANT_CONVERSION = YES;
				CLANG_WARN_DEPRECATED_OBJC_IMPLEMENTATIONS = YES;
				CLANG_WARN_DIRECT_OBJC_ISA_USAGE = YES_ERROR;
				CLANG_WARN_DOCUMENTATION_COMMENTS = YES;
				CLANG_WARN_EMPTY_BODY = YES;
				CLANG_WARN_ENUM_CONVERSION = YES;
				CLANG_WARN_INFINITE_RECURSION = YES;
				CLANG_WARN_INT_CONVERSION = YES;
				CLANG_WARN_NON_LITERAL_NULL_CONVERSION = YES;
				CLANG_WARN_OBJC_IMPLICIT_RETAIN_SELF = YES;
				CLANG_WARN_OBJC_LITERAL_CONVERSION = YES;
				CLANG_WARN_OBJC_ROOT_CLASS = YES_ERROR;
				CLANG_WARN_RANGE_LOOP_ANALYSIS = YES;
				CLANG_WARN_STRICT_PROTOTYPES = YES;
				CLANG_WARN_SUSPICIOUS_MOVE = YES;
				CLANG_WARN_UNGUARDED_AVAILABILITY = YES_AGGRESSIVE;
				CLANG_WARN_UNREACHABLE_CODE = YES;
				CLANG_WARN__DUPLICATE_METHOD_MATCH = YES;
				CODE_SIGN_IDENTITY = "iPhone Developer";
				COPY_PHASE_STRIP = NO;
				DEBUG_INFORMATION_FORMAT = dwarf;
				ENABLE_STRICT_OBJC_MSGSEND = YES;
				ENABLE_TESTABILITY = YES;
				GCC_C_LANGUAGE_STANDARD = gnu11;
				GCC_DYNAMIC_NO_PIC = NO;
				GCC_NO_COMMON_BLOCKS = YES;
				GCC_OPTIMIZATION_LEVEL = 0;
				GCC_PREPROCESSOR_DEFINITIONS = (
					"DEBUG=1",
					"$(inherited)",
				);
				GCC_WARN_64_TO_32_BIT_CONVERSION = YES;
				GCC_WARN_ABOUT_RETURN_TYPE = YES_ERROR;
				GCC_WARN_UNDECLARED_SELECTOR = YES;
				GCC_WARN_UNINITIALIZED_AUTOS = YES_AGGRESSIVE;
				GCC_WARN_UNUSED_FUNCTION = YES;
				GCC_WARN_UNUSED_VARIABLE = YES;
				IPHONEOS_DEPLOYMENT_TARGET = 12.4;
				MTL_ENABLE_DEBUG_INFO = INCLUDE_SOURCE;
				MTL_FAST_MATH = YES;
				ONLY_ACTIVE_ARCH = YES;
				SDKROOT = iphoneos;
				SWIFT_ACTIVE_COMPILATION_CONDITIONS = DEBUG;
				SWIFT_OPTIMIZATION_LEVEL = "-Onone";
			};
			name = Debug;
		};
		3A53549A232B69A9001C48AE /* Release */ = {
			isa = XCBuildConfiguration;
			buildSettings = {
				ALWAYS_SEARCH_USER_PATHS = NO;
				CLANG_ANALYZER_NONNULL = YES;
				CLANG_ANALYZER_NUMBER_OBJECT_CONVERSION = YES_AGGRESSIVE;
				CLANG_CXX_LANGUAGE_STANDARD = "gnu++14";
				CLANG_CXX_LIBRARY = "libc++";
				CLANG_ENABLE_MODULES = YES;
				CLANG_ENABLE_OBJC_ARC = YES;
				CLANG_ENABLE_OBJC_WEAK = YES;
				CLANG_WARN_BLOCK_CAPTURE_AUTORELEASING = YES;
				CLANG_WARN_BOOL_CONVERSION = YES;
				CLANG_WARN_COMMA = YES;
				CLANG_WARN_CONSTANT_CONVERSION = YES;
				CLANG_WARN_DEPRECATED_OBJC_IMPLEMENTATIONS = YES;
				CLANG_WARN_DIRECT_OBJC_ISA_USAGE = YES_ERROR;
				CLANG_WARN_DOCUMENTATION_COMMENTS = YES;
				CLANG_WARN_EMPTY_BODY = YES;
				CLANG_WARN_ENUM_CONVERSION = YES;
				CLANG_WARN_INFINITE_RECURSION = YES;
				CLANG_WARN_INT_CONVERSION = YES;
				CLANG_WARN_NON_LITERAL_NULL_CONVERSION = YES;
				CLANG_WARN_OBJC_IMPLICIT_RETAIN_SELF = YES;
				CLANG_WARN_OBJC_LITERAL_CONVERSION = YES;
				CLANG_WARN_OBJC_ROOT_CLASS = YES_ERROR;
				CLANG_WARN_RANGE_LOOP_ANALYSIS = YES;
				CLANG_WARN_STRICT_PROTOTYPES = YES;
				CLANG_WARN_SUSPICIOUS_MOVE = YES;
				CLANG_WARN_UNGUARDED_AVAILABILITY = YES_AGGRESSIVE;
				CLANG_WARN_UNREACHABLE_CODE = YES;
				CLANG_WARN__DUPLICATE_METHOD_MATCH = YES;
				CODE_SIGN_IDENTITY = "iPhone Developer";
				COPY_PHASE_STRIP = NO;
				DEBUG_INFORMATION_FORMAT = "dwarf-with-dsym";
				ENABLE_NS_ASSERTIONS = NO;
				ENABLE_STRICT_OBJC_MSGSEND = YES;
				GCC_C_LANGUAGE_STANDARD = gnu11;
				GCC_NO_COMMON_BLOCKS = YES;
				GCC_WARN_64_TO_32_BIT_CONVERSION = YES;
				GCC_WARN_ABOUT_RETURN_TYPE = YES_ERROR;
				GCC_WARN_UNDECLARED_SELECTOR = YES;
				GCC_WARN_UNINITIALIZED_AUTOS = YES_AGGRESSIVE;
				GCC_WARN_UNUSED_FUNCTION = YES;
				GCC_WARN_UNUSED_VARIABLE = YES;
				IPHONEOS_DEPLOYMENT_TARGET = 12.4;
				MTL_ENABLE_DEBUG_INFO = NO;
				MTL_FAST_MATH = YES;
				SDKROOT = iphoneos;
				SWIFT_COMPILATION_MODE = wholemodule;
				SWIFT_OPTIMIZATION_LEVEL = "-O";
				VALIDATE_PRODUCT = YES;
			};
			name = Release;
		};
		3A53549C232B69A9001C48AE /* Debug */ = {
			isa = XCBuildConfiguration;
			buildSettings = {
				ASSETCATALOG_COMPILER_APPICON_NAME = AppIcon;
				CODE_SIGN_STYLE = Automatic;
				INFOPLIST_FILE = Coordinators/Info.plist;
				LD_RUNPATH_SEARCH_PATHS = (
					"$(inherited)",
					"@executable_path/Frameworks",
				);
				PRODUCT_BUNDLE_IDENTIFIER = com.exanple.adrianAcc.Coordinators;
				PRODUCT_NAME = "$(TARGET_NAME)";
				SWIFT_VERSION = 5.0;
				TARGETED_DEVICE_FAMILY = "1,2";
			};
			name = Debug;
		};
		3A53549D232B69A9001C48AE /* Release */ = {
			isa = XCBuildConfiguration;
			buildSettings = {
				ASSETCATALOG_COMPILER_APPICON_NAME = AppIcon;
				CODE_SIGN_STYLE = Automatic;
				INFOPLIST_FILE = Coordinators/Info.plist;
				LD_RUNPATH_SEARCH_PATHS = (
					"$(inherited)",
					"@executable_path/Frameworks",
				);
				PRODUCT_BUNDLE_IDENTIFIER = com.exanple.adrianAcc.Coordinators;
				PRODUCT_NAME = "$(TARGET_NAME)";
				SWIFT_VERSION = 5.0;
				TARGETED_DEVICE_FAMILY = "1,2";
			};
			name = Release;
		};
/* End XCBuildConfiguration section */

/* Begin XCConfigurationList section */
		3A535484232B69A8001C48AE /* Build configuration list for PBXProject "Coordinators" */ = {
			isa = XCConfigurationList;
			buildConfigurations = (
				3A535499232B69A9001C48AE /* Debug */,
				3A53549A232B69A9001C48AE /* Release */,
			);
			defaultConfigurationIsVisible = 0;
			defaultConfigurationName = Release;
		};
		3A53549B232B69A9001C48AE /* Build configuration list for PBXNativeTarget "Coordinators" */ = {
			isa = XCConfigurationList;
			buildConfigurations = (
				3A53549C232B69A9001C48AE /* Debug */,
				3A53549D232B69A9001C48AE /* Release */,
			);
			defaultConfigurationIsVisible = 0;
			defaultConfigurationName = Release;
		};
/* End XCConfigurationList section */
	};
	rootObject = 3A535481232B69A8001C48AE /* Project object */;
}
